
Microsoft Visual Studio Solution File, Format Version 12.00
# Visual Studio Version 16
VisualStudioVersion = 16.0.30225.117
MinimumVisualStudioVersion = 10.0.40219.1
Project("{9A19103F-16F7-4668-BE54-9A1E7A4F7556}") = "Client", "M2m\Client\Client.csproj", "{1EED5FA9-07FC-4ADD-9FC0-D2414D7098F4}"
EndProject
Project("{9A19103F-16F7-4668-BE54-9A1E7A4F7556}") = "NewTask", "NewTask\NewTask.csproj", "{1358017B-4AC1-412C-9A99-BEEDE31C8A83}"
EndProject
Project("{9A19103F-16F7-4668-BE54-9A1E7A4F7556}") = "Receive", "Receive\Receive.csproj", "{6B0B3452-84AF-467A-8C0D-CCD113EABB7B}"
EndProject
Project("{9A19103F-16F7-4668-BE54-9A1E7A4F7556}") = "Send", "Send\Send.csproj", "{E0BA76DA-52EE-4A62-BFC3-FECAA0F428AD}"
EndProject
Project("{9A19103F-16F7-4668-BE54-9A1E7A4F7556}") = "Worker", "Worker\Worker.csproj", "{B70F6BB7-278A-4B8A-85BC-FECB0E663BE0}"
EndProject
Global
	GlobalSection(SolutionConfigurationPlatforms) = preSolution
		Debug|Any CPU = Debug|Any CPU
		Release|Any CPU = Release|Any CPU
	EndGlobalSection
	GlobalSection(ProjectConfigurationPlatforms) = postSolution
		{1EED5FA9-07FC-4ADD-9FC0-D2414D7098F4}.Debug|Any CPU.ActiveCfg = Debug|Any CPU
		{1EED5FA9-07FC-4ADD-9FC0-D2414D7098F4}.Debug|Any CPU.Build.0 = Debug|Any CPU
		{1EED5FA9-07FC-4ADD-9FC0-D2414D7098F4}.Release|Any CPU.ActiveCfg = Release|Any CPU
		{1EED5FA9-07FC-4ADD-9FC0-D2414D7098F4}.Release|Any CPU.Build.0 = Release|Any CPU
		{1358017B-4AC1-412C-9A99-BEEDE31C8A83}.Debug|Any CPU.ActiveCfg = Debug|Any CPU
		{1358017B-4AC1-412C-9A99-BEEDE31C8A83}.Debug|Any CPU.Build.0 = Debug|Any CPU
		{1358017B-4AC1-412C-9A99-BEEDE31C8A83}.Release|Any CPU.ActiveCfg = Release|Any CPU
		{1358017B-4AC1-412C-9A99-BEEDE31C8A83}.Release|Any CPU.Build.0 = Release|Any CPU
		{6B0B3452-84AF-467A-8C0D-CCD113EABB7B}.Debug|Any CPU.ActiveCfg = Debug|Any CPU
		{6B0B3452-84AF-467A-8C0D-CCD113EABB7B}.Debug|Any CPU.Build.0 = Debug|Any CPU
		{6B0B3452-84AF-467A-8C0D-CCD113EABB7B}.Release|Any CPU.ActiveCfg = Release|Any CPU
		{6B0B3452-84AF-467A-8C0D-CCD113EABB7B}.Release|Any CPU.Build.0 = Release|Any CPU
		{E0BA76DA-52EE-4A62-BFC3-FECAA0F428AD}.Debug|Any CPU.ActiveCfg = Debug|Any CPU
		{E0BA76DA-52EE-4A62-BFC3-FECAA0F428AD}.Debug|Any CPU.Build.0 = Debug|Any CPU
		{E0BA76DA-52EE-4A62-BFC3-FECAA0F428AD}.Release|Any CPU.ActiveCfg = Release|Any CPU
		{E0BA76DA-52EE-4A62-BFC3-FECAA0F428AD}.Release|Any CPU.Build.0 = Release|Any CPU
		{B70F6BB7-278A-4B8A-85BC-FECB0E663BE0}.Debug|Any CPU.ActiveCfg = Debug|Any CPU
		{B70F6BB7-278A-4B8A-85BC-FECB0E663BE0}.Debug|Any CPU.Build.0 = Debug|Any CPU
		{B70F6BB7-278A-4B8A-85BC-FECB0E663BE0}.Release|Any CPU.ActiveCfg = Release|Any CPU
		{B70F6BB7-278A-4B8A-85BC-FECB0E663BE0}.Release|Any CPU.Build.0 = Release|Any CPU
	EndGlobalSection
	GlobalSection(SolutionProperties) = preSolution
		HideSolutionNode = FALSE
	EndGlobalSection
	GlobalSection(ExtensibilityGlobals) = postSolution
		SolutionGuid = {0C919C98-892C-4C79-968E-18B7C15627B7}
	EndGlobalSection
EndGlobal
