
Microsoft Visual Studio Solution File, Format Version 12.00
# Visual Studio Version 16
VisualStudioVersion = 16.0.30128.74
MinimumVisualStudioVersion = 15.0.26124.0
Project("{9A19103F-16F7-4668-BE54-9A1E7A4F7556}") = "apiEjemplo2", "apiEjemplo2\apiEjemplo2.csproj", "{C81AF087-AC84-41AE-B593-F77C5C94FEDA}"
EndProject
Project("{9A19103F-16F7-4668-BE54-9A1E7A4F7556}") = "ByA.Base.ServiceDiscovery", "ByA.Base.ServiceDiscovery\ByA.Base.ServiceDiscovery.csproj", "{A1ED9E0E-97B1-4E40-ACAC-A812B7BF7488}"
EndProject
Project("{9A19103F-16F7-4668-BE54-9A1E7A4F7556}") = "apiEjemplo", "apiEjemplo\apiEjemplo.csproj", "{13FC2C37-266C-4A44-8B20-64CEF4B6803E}"
EndProject
Project("{FAE04EC0-301F-11D3-BF4B-00C04F79EFBC}") = "ApiGateway", "ApiGateway\ApiGateway.csproj", "{A04A276B-2A56-4E5B-B33F-3940E65F5FB3}"
EndProject
Global
	GlobalSection(SolutionConfigurationPlatforms) = preSolution
		Debug|Any CPU = Debug|Any CPU
		Debug|x64 = Debug|x64
		Debug|x86 = Debug|x86
		Release|Any CPU = Release|Any CPU
		Release|x64 = Release|x64
		Release|x86 = Release|x86
	EndGlobalSection
	GlobalSection(ProjectConfigurationPlatforms) = postSolution
		{C81AF087-AC84-41AE-B593-F77C5C94FEDA}.Debug|Any CPU.ActiveCfg = Debug|Any CPU
		{C81AF087-AC84-41AE-B593-F77C5C94FEDA}.Debug|Any CPU.Build.0 = Debug|Any CPU
		{C81AF087-AC84-41AE-B593-F77C5C94FEDA}.Debug|x64.ActiveCfg = Debug|Any CPU
		{C81AF087-AC84-41AE-B593-F77C5C94FEDA}.Debug|x64.Build.0 = Debug|Any CPU
		{C81AF087-AC84-41AE-B593-F77C5C94FEDA}.Debug|x86.ActiveCfg = Debug|Any CPU
		{C81AF087-AC84-41AE-B593-F77C5C94FEDA}.Debug|x86.Build.0 = Debug|Any CPU
		{C81AF087-AC84-41AE-B593-F77C5C94FEDA}.Release|Any CPU.ActiveCfg = Release|Any CPU
		{C81AF087-AC84-41AE-B593-F77C5C94FEDA}.Release|Any CPU.Build.0 = Release|Any CPU
		{C81AF087-AC84-41AE-B593-F77C5C94FEDA}.Release|x64.ActiveCfg = Release|Any CPU
		{C81AF087-AC84-41AE-B593-F77C5C94FEDA}.Release|x64.Build.0 = Release|Any CPU
		{C81AF087-AC84-41AE-B593-F77C5C94FEDA}.Release|x86.ActiveCfg = Release|Any CPU
		{C81AF087-AC84-41AE-B593-F77C5C94FEDA}.Release|x86.Build.0 = Release|Any CPU
		{A1ED9E0E-97B1-4E40-ACAC-A812B7BF7488}.Debug|Any CPU.ActiveCfg = Debug|Any CPU
		{A1ED9E0E-97B1-4E40-ACAC-A812B7BF7488}.Debug|Any CPU.Build.0 = Debug|Any CPU
		{A1ED9E0E-97B1-4E40-ACAC-A812B7BF7488}.Debug|x64.ActiveCfg = Debug|Any CPU
		{A1ED9E0E-97B1-4E40-ACAC-A812B7BF7488}.Debug|x64.Build.0 = Debug|Any CPU
		{A1ED9E0E-97B1-4E40-ACAC-A812B7BF7488}.Debug|x86.ActiveCfg = Debug|Any CPU
		{A1ED9E0E-97B1-4E40-ACAC-A812B7BF7488}.Debug|x86.Build.0 = Debug|Any CPU
		{A1ED9E0E-97B1-4E40-ACAC-A812B7BF7488}.Release|Any CPU.ActiveCfg = Release|Any CPU
		{A1ED9E0E-97B1-4E40-ACAC-A812B7BF7488}.Release|Any CPU.Build.0 = Release|Any CPU
		{A1ED9E0E-97B1-4E40-ACAC-A812B7BF7488}.Release|x64.ActiveCfg = Release|Any CPU
		{A1ED9E0E-97B1-4E40-ACAC-A812B7BF7488}.Release|x64.Build.0 = Release|Any CPU
		{A1ED9E0E-97B1-4E40-ACAC-A812B7BF7488}.Release|x86.ActiveCfg = Release|Any CPU
		{A1ED9E0E-97B1-4E40-ACAC-A812B7BF7488}.Release|x86.Build.0 = Release|Any CPU
		{13FC2C37-266C-4A44-8B20-64CEF4B6803E}.Debug|Any CPU.ActiveCfg = Debug|Any CPU
		{13FC2C37-266C-4A44-8B20-64CEF4B6803E}.Debug|Any CPU.Build.0 = Debug|Any CPU
		{13FC2C37-266C-4A44-8B20-64CEF4B6803E}.Debug|x64.ActiveCfg = Debug|Any CPU
		{13FC2C37-266C-4A44-8B20-64CEF4B6803E}.Debug|x64.Build.0 = Debug|Any CPU
		{13FC2C37-266C-4A44-8B20-64CEF4B6803E}.Debug|x86.ActiveCfg = Debug|Any CPU
		{13FC2C37-266C-4A44-8B20-64CEF4B6803E}.Debug|x86.Build.0 = Debug|Any CPU
		{13FC2C37-266C-4A44-8B20-64CEF4B6803E}.Release|Any CPU.ActiveCfg = Release|Any CPU
		{13FC2C37-266C-4A44-8B20-64CEF4B6803E}.Release|Any CPU.Build.0 = Release|Any CPU
		{13FC2C37-266C-4A44-8B20-64CEF4B6803E}.Release|x64.ActiveCfg = Release|Any CPU
		{13FC2C37-266C-4A44-8B20-64CEF4B6803E}.Release|x64.Build.0 = Release|Any CPU
		{13FC2C37-266C-4A44-8B20-64CEF4B6803E}.Release|x86.ActiveCfg = Release|Any CPU
		{13FC2C37-266C-4A44-8B20-64CEF4B6803E}.Release|x86.Build.0 = Release|Any CPU
		{A04A276B-2A56-4E5B-B33F-3940E65F5FB3}.Debug|Any CPU.ActiveCfg = Debug|Any CPU
		{A04A276B-2A56-4E5B-B33F-3940E65F5FB3}.Debug|Any CPU.Build.0 = Debug|Any CPU
		{A04A276B-2A56-4E5B-B33F-3940E65F5FB3}.Debug|x64.ActiveCfg = Debug|Any CPU
		{A04A276B-2A56-4E5B-B33F-3940E65F5FB3}.Debug|x64.Build.0 = Debug|Any CPU
		{A04A276B-2A56-4E5B-B33F-3940E65F5FB3}.Debug|x86.ActiveCfg = Debug|Any CPU
		{A04A276B-2A56-4E5B-B33F-3940E65F5FB3}.Debug|x86.Build.0 = Debug|Any CPU
		{A04A276B-2A56-4E5B-B33F-3940E65F5FB3}.Release|Any CPU.ActiveCfg = Release|Any CPU
		{A04A276B-2A56-4E5B-B33F-3940E65F5FB3}.Release|Any CPU.Build.0 = Release|Any CPU
		{A04A276B-2A56-4E5B-B33F-3940E65F5FB3}.Release|x64.ActiveCfg = Release|Any CPU
		{A04A276B-2A56-4E5B-B33F-3940E65F5FB3}.Release|x64.Build.0 = Release|Any CPU
		{A04A276B-2A56-4E5B-B33F-3940E65F5FB3}.Release|x86.ActiveCfg = Release|Any CPU
		{A04A276B-2A56-4E5B-B33F-3940E65F5FB3}.Release|x86.Build.0 = Release|Any CPU
	EndGlobalSection
	GlobalSection(SolutionProperties) = preSolution
		HideSolutionNode = FALSE
	EndGlobalSection
	GlobalSection(ExtensibilityGlobals) = postSolution
		SolutionGuid = {1B7A7E41-2573-4328-B231-7A1B10901BE5}
	EndGlobalSection
EndGlobal
